
Microsoft Visual Studio Solution File, Format Version 12.00
# Visual Studio Version 17
VisualStudioVersion = 17.3.32929.385
MinimumVisualStudioVersion = 10.0.40219.1
Project("{FAE04EC0-301F-11D3-BF4B-00C04F79EFBC}") = "Combinations", "Combinations.csproj", "{83FADC30-9CBB-4736-9D5E-9DF3D9B5EE50}"
EndProject
Global
	GlobalSection(SolutionConfigurationPlatforms) = preSolution
		Debug|Any CPU = Debug|Any CPU
		Release|Any CPU = Release|Any CPU
	EndGlobalSection
	GlobalSection(ProjectConfigurationPlatforms) = postSolution
		{83FADC30-9CBB-4736-9D5E-9DF3D9B5EE50}.Debug|Any CPU.ActiveCfg = Debug|Any CPU
		{83FADC30-9CBB-4736-9D5E-9DF3D9B5EE50}.Debug|Any CPU.Build.0 = Debug|Any CPU
		{83FADC30-9CBB-4736-9D5E-9DF3D9B5EE50}.Release|Any CPU.ActiveCfg = Release|Any CPU
		{83FADC30-9CBB-4736-9D5E-9DF3D9B5EE50}.Release|Any CPU.Build.0 = Release|Any CPU
	EndGlobalSection
	GlobalSection(SolutionProperties) = preSolution
		HideSolutionNode = FALSE
	EndGlobalSection
	GlobalSection(ExtensibilityGlobals) = postSolution
		SolutionGuid = {23BFD6CD-92BA-4A11-9126-B5E735913EE6}
	EndGlobalSection
EndGlobal
